// !$*UTF8*$!
{
	archiveVersion = 1;
	classes = {
	};
	objectVersion = 46;
	objects = {

/* Begin PBXBuildFile section */
		BA9C83031A75D4D10095D8CB /* ZVSwiper.h in Headers */ = {isa = PBXBuildFile; fileRef = BA9C83021A75D4D10095D8CB /* ZVSwiper.h */; settings = {ATTRIBUTES = (Public, ); }; };
		BA9C83091A75D4D10095D8CB /* ZVSwiper.framework in Frameworks */ = {isa = PBXBuildFile; fileRef = BA9C82FD1A75D4D10095D8CB /* ZVSwiper.framework */; };
		BA9C83101A75D4D10095D8CB /* ZVSwiperTests.m in Sources */ = {isa = PBXBuildFile; fileRef = BA9C830F1A75D4D10095D8CB /* ZVSwiperTests.m */; };
		BA9C831D1A75D50A0095D8CB /* ZVSwiperNavigationControllerDelegate.m in Sources */ = {isa = PBXBuildFile; fileRef = BA9C83191A75D50A0095D8CB /* ZVSwiperNavigationControllerDelegate.m */; };
		BA9C831E1A75D50A0095D8CB /* ZVSwiperTransition.h in Headers */ = {isa = PBXBuildFile; fileRef = BA9C831A1A75D50A0095D8CB /* ZVSwiperTransition.h */; };
		BA9C831F1A75D50A0095D8CB /* ZVSwiperTransition.m in Sources */ = {isa = PBXBuildFile; fileRef = BA9C831B1A75D50A0095D8CB /* ZVSwiperTransition.m */; };
		BA9C83201A75D50A0095D8CB /* ZVSwiperNavigationControllerDelegate.h in Headers */ = {isa = PBXBuildFile; fileRef = BA9C831C1A75D50A0095D8CB /* ZVSwiperNavigationControllerDelegate.h */; };
		BA9C83221A75D57C0095D8CB /* QuartzCore.framework in Frameworks */ = {isa = PBXBuildFile; fileRef = BA9C83211A75D57C0095D8CB /* QuartzCore.framework */; };
		BA9C83241A75D5820095D8CB /* UIKit.framework in Frameworks */ = {isa = PBXBuildFile; fileRef = BA9C83231A75D5820095D8CB /* UIKit.framework */; };
		BA9C83261A75D58A0095D8CB /* Foundation.framework in Frameworks */ = {isa = PBXBuildFile; fileRef = BA9C83251A75D58A0095D8CB /* Foundation.framework */; };
		BA9C83281A75D5920095D8CB /* CoreGraphics.framework in Frameworks */ = {isa = PBXBuildFile; fileRef = BA9C83271A75D5920095D8CB /* CoreGraphics.framework */; };
		BA9C83321A75D73E0095D8CB /* main.m in Sources */ = {isa = PBXBuildFile; fileRef = BA9C83311A75D73E0095D8CB /* main.m */; };
		BA9C83351A75D73E0095D8CB /* AppDelegate.m in Sources */ = {isa = PBXBuildFile; fileRef = BA9C83341A75D73E0095D8CB /* AppDelegate.m */; };
		BA9C83381A75D73E0095D8CB /* MasterViewController.m in Sources */ = {isa = PBXBuildFile; fileRef = BA9C83371A75D73E0095D8CB /* MasterViewController.m */; };
		BA9C833B1A75D73E0095D8CB /* DetailViewController.m in Sources */ = {isa = PBXBuildFile; fileRef = BA9C833A1A75D73E0095D8CB /* DetailViewController.m */; };
		BA9C833E1A75D73E0095D8CB /* Main.storyboard in Resources */ = {isa = PBXBuildFile; fileRef = BA9C833C1A75D73E0095D8CB /* Main.storyboard */; };
		BA9C83401A75D73E0095D8CB /* Images.xcassets in Resources */ = {isa = PBXBuildFile; fileRef = BA9C833F1A75D73E0095D8CB /* Images.xcassets */; };
		BA9C83431A75D73E0095D8CB /* LaunchScreen.xib in Resources */ = {isa = PBXBuildFile; fileRef = BA9C83411A75D73E0095D8CB /* LaunchScreen.xib */; };
		BA9C834F1A75D73E0095D8CB /* SwiperDemoTests.m in Sources */ = {isa = PBXBuildFile; fileRef = BA9C834E1A75D73E0095D8CB /* SwiperDemoTests.m */; };
		BA9C83591A75DBFC0095D8CB /* ZVSwiper.framework in Frameworks */ = {isa = PBXBuildFile; fileRef = BA9C82FD1A75D4D10095D8CB /* ZVSwiper.framework */; };
		BA9C835A1A75DBFC0095D8CB /* ZVSwiper.framework in Embed Frameworks */ = {isa = PBXBuildFile; fileRef = BA9C82FD1A75D4D10095D8CB /* ZVSwiper.framework */; settings = {ATTRIBUTES = (CodeSignOnCopy, RemoveHeadersOnCopy, ); }; };
/* End PBXBuildFile section */

/* Begin PBXContainerItemProxy section */
		BA9C830A1A75D4D10095D8CB /* PBXContainerItemProxy */ = {
			isa = PBXContainerItemProxy;
			containerPortal = BA9C82F41A75D4D10095D8CB /* Project object */;
			proxyType = 1;
			remoteGlobalIDString = BA9C82FC1A75D4D10095D8CB;
			remoteInfo = ZVSwiper;
		};
		BA9C83491A75D73E0095D8CB /* PBXContainerItemProxy */ = {
			isa = PBXContainerItemProxy;
			containerPortal = BA9C82F41A75D4D10095D8CB /* Project object */;
			proxyType = 1;
			remoteGlobalIDString = BA9C832C1A75D73E0095D8CB;
			remoteInfo = SwiperDemo;
		};
		BA9C835B1A75DBFC0095D8CB /* PBXContainerItemProxy */ = {
			isa = PBXContainerItemProxy;
			containerPortal = BA9C82F41A75D4D10095D8CB /* Project object */;
			proxyType = 1;
			remoteGlobalIDString = BA9C82FC1A75D4D10095D8CB;
			remoteInfo = ZVSwiper;
		};
/* End PBXContainerItemProxy section */

/* Begin PBXCopyFilesBuildPhase section */
		BA9C835D1A75DBFC0095D8CB /* Embed Frameworks */ = {
			isa = PBXCopyFilesBuildPhase;
			buildActionMask = 2147483647;
			dstPath = "";
			dstSubfolderSpec = 10;
			files = (
				BA9C835A1A75DBFC0095D8CB /* ZVSwiper.framework in Embed Frameworks */,
			);
			name = "Embed Frameworks";
			runOnlyForDeploymentPostprocessing = 0;
		};
/* End PBXCopyFilesBuildPhase section */

/* Begin PBXFileReference section */
		BA9C82FD1A75D4D10095D8CB /* ZVSwiper.framework */ = {isa = PBXFileReference; explicitFileType = wrapper.framework; includeInIndex = 0; path = ZVSwiper.framework; sourceTree = BUILT_PRODUCTS_DIR; };
		BA9C83011A75D4D10095D8CB /* Info.plist */ = {isa = PBXFileReference; lastKnownFileType = text.plist.xml; path = Info.plist; sourceTree = "<group>"; };
		BA9C83021A75D4D10095D8CB /* ZVSwiper.h */ = {isa = PBXFileReference; lastKnownFileType = sourcecode.c.h; path = ZVSwiper.h; sourceTree = "<group>"; };
		BA9C83081A75D4D10095D8CB /* ZVSwiperTests.xctest */ = {isa = PBXFileReference; explicitFileType = wrapper.cfbundle; includeInIndex = 0; path = ZVSwiperTests.xctest; sourceTree = BUILT_PRODUCTS_DIR; };
		BA9C830E1A75D4D10095D8CB /* Info.plist */ = {isa = PBXFileReference; lastKnownFileType = text.plist.xml; path = Info.plist; sourceTree = "<group>"; };
		BA9C830F1A75D4D10095D8CB /* ZVSwiperTests.m */ = {isa = PBXFileReference; lastKnownFileType = sourcecode.c.objc; path = ZVSwiperTests.m; sourceTree = "<group>"; };
		BA9C83191A75D50A0095D8CB /* ZVSwiperNavigationControllerDelegate.m */ = {isa = PBXFileReference; fileEncoding = 4; lastKnownFileType = sourcecode.c.objc; path = ZVSwiperNavigationControllerDelegate.m; sourceTree = "<group>"; };
		BA9C831A1A75D50A0095D8CB /* ZVSwiperTransition.h */ = {isa = PBXFileReference; fileEncoding = 4; lastKnownFileType = sourcecode.c.h; path = ZVSwiperTransition.h; sourceTree = "<group>"; };
		BA9C831B1A75D50A0095D8CB /* ZVSwiperTransition.m */ = {isa = PBXFileReference; fileEncoding = 4; lastKnownFileType = sourcecode.c.objc; path = ZVSwiperTransition.m; sourceTree = "<group>"; };
		BA9C831C1A75D50A0095D8CB /* ZVSwiperNavigationControllerDelegate.h */ = {isa = PBXFileReference; fileEncoding = 4; lastKnownFileType = sourcecode.c.h; path = ZVSwiperNavigationControllerDelegate.h; sourceTree = "<group>"; };
		BA9C83211A75D57C0095D8CB /* QuartzCore.framework */ = {isa = PBXFileReference; lastKnownFileType = wrapper.framework; name = QuartzCore.framework; path = System/Library/Frameworks/QuartzCore.framework; sourceTree = SDKROOT; };
		BA9C83231A75D5820095D8CB /* UIKit.framework */ = {isa = PBXFileReference; lastKnownFileType = wrapper.framework; name = UIKit.framework; path = System/Library/Frameworks/UIKit.framework; sourceTree = SDKROOT; };
		BA9C83251A75D58A0095D8CB /* Foundation.framework */ = {isa = PBXFileReference; lastKnownFileType = wrapper.framework; name = Foundation.framework; path = System/Library/Frameworks/Foundation.framework; sourceTree = SDKROOT; };
		BA9C83271A75D5920095D8CB /* CoreGraphics.framework */ = {isa = PBXFileReference; lastKnownFileType = wrapper.framework; name = CoreGraphics.framework; path = System/Library/Frameworks/CoreGraphics.framework; sourceTree = SDKROOT; };
		BA9C832D1A75D73E0095D8CB /* SwiperDemo.app */ = {isa = PBXFileReference; explicitFileType = wrapper.application; includeInIndex = 0; path = SwiperDemo.app; sourceTree = BUILT_PRODUCTS_DIR; };
		BA9C83301A75D73E0095D8CB /* Info.plist */ = {isa = PBXFileReference; lastKnownFileType = text.plist.xml; path = Info.plist; sourceTree = "<group>"; };
		BA9C83311A75D73E0095D8CB /* main.m */ = {isa = PBXFileReference; lastKnownFileType = sourcecode.c.objc; path = main.m; sourceTree = "<group>"; };
		BA9C83331A75D73E0095D8CB /* AppDelegate.h */ = {isa = PBXFileReference; lastKnownFileType = sourcecode.c.h; path = AppDelegate.h; sourceTree = "<group>"; };
		BA9C83341A75D73E0095D8CB /* AppDelegate.m */ = {isa = PBXFileReference; lastKnownFileType = sourcecode.c.objc; path = AppDelegate.m; sourceTree = "<group>"; };
		BA9C83361A75D73E0095D8CB /* MasterViewController.h */ = {isa = PBXFileReference; lastKnownFileType = sourcecode.c.h; path = MasterViewController.h; sourceTree = "<group>"; };
		BA9C83371A75D73E0095D8CB /* MasterViewController.m */ = {isa = PBXFileReference; lastKnownFileType = sourcecode.c.objc; path = MasterViewController.m; sourceTree = "<group>"; };
		BA9C83391A75D73E0095D8CB /* DetailViewController.h */ = {isa = PBXFileReference; lastKnownFileType = sourcecode.c.h; path = DetailViewController.h; sourceTree = "<group>"; };
		BA9C833A1A75D73E0095D8CB /* DetailViewController.m */ = {isa = PBXFileReference; lastKnownFileType = sourcecode.c.objc; path = DetailViewController.m; sourceTree = "<group>"; };
		BA9C833D1A75D73E0095D8CB /* Base */ = {isa = PBXFileReference; lastKnownFileType = file.storyboard; name = Base; path = Base.lproj/Main.storyboard; sourceTree = "<group>"; };
		BA9C833F1A75D73E0095D8CB /* Images.xcassets */ = {isa = PBXFileReference; lastKnownFileType = folder.assetcatalog; path = Images.xcassets; sourceTree = "<group>"; };
		BA9C83421A75D73E0095D8CB /* Base */ = {isa = PBXFileReference; lastKnownFileType = file.xib; name = Base; path = Base.lproj/LaunchScreen.xib; sourceTree = "<group>"; };
		BA9C83481A75D73E0095D8CB /* SwiperDemoTests.xctest */ = {isa = PBXFileReference; explicitFileType = wrapper.cfbundle; includeInIndex = 0; path = SwiperDemoTests.xctest; sourceTree = BUILT_PRODUCTS_DIR; };
		BA9C834D1A75D73E0095D8CB /* Info.plist */ = {isa = PBXFileReference; lastKnownFileType = text.plist.xml; path = Info.plist; sourceTree = "<group>"; };
		BA9C834E1A75D73E0095D8CB /* SwiperDemoTests.m */ = {isa = PBXFileReference; lastKnownFileType = sourcecode.c.objc; path = SwiperDemoTests.m; sourceTree = "<group>"; };
/* End PBXFileReference section */

/* Begin PBXFrameworksBuildPhase section */
		BA9C82F91A75D4D10095D8CB /* Frameworks */ = {
			isa = PBXFrameworksBuildPhase;
			buildActionMask = 2147483647;
			files = (
				BA9C83281A75D5920095D8CB /* CoreGraphics.framework in Frameworks */,
				BA9C83261A75D58A0095D8CB /* Foundation.framework in Frameworks */,
				BA9C83241A75D5820095D8CB /* UIKit.framework in Frameworks */,
				BA9C83221A75D57C0095D8CB /* QuartzCore.framework in Frameworks */,
			);
			runOnlyForDeploymentPostprocessing = 0;
		};
		BA9C83051A75D4D10095D8CB /* Frameworks */ = {
			isa = PBXFrameworksBuildPhase;
			buildActionMask = 2147483647;
			files = (
				BA9C83091A75D4D10095D8CB /* ZVSwiper.framework in Frameworks */,
			);
			runOnlyForDeploymentPostprocessing = 0;
		};
		BA9C832A1A75D73E0095D8CB /* Frameworks */ = {
			isa = PBXFrameworksBuildPhase;
			buildActionMask = 2147483647;
			files = (
				BA9C83591A75DBFC0095D8CB /* ZVSwiper.framework in Frameworks */,
			);
			runOnlyForDeploymentPostprocessing = 0;
		};
		BA9C83451A75D73E0095D8CB /* Frameworks */ = {
			isa = PBXFrameworksBuildPhase;
			buildActionMask = 2147483647;
			files = (
			);
			runOnlyForDeploymentPostprocessing = 0;
		};
/* End PBXFrameworksBuildPhase section */

/* Begin PBXGroup section */
		BA9C82F31A75D4D10095D8CB = {
			isa = PBXGroup;
			children = (
				BA9C82FF1A75D4D10095D8CB /* ZVSwiper */,
				BA9C830C1A75D4D10095D8CB /* ZVSwiperTests */,
				BA9C832E1A75D73E0095D8CB /* SwiperDemo */,
				BA9C834B1A75D73E0095D8CB /* SwiperDemoTests */,
				BA9C82FE1A75D4D10095D8CB /* Products */,
				BA9C83271A75D5920095D8CB /* CoreGraphics.framework */,
				BA9C83251A75D58A0095D8CB /* Foundation.framework */,
				BA9C83231A75D5820095D8CB /* UIKit.framework */,
				BA9C83211A75D57C0095D8CB /* QuartzCore.framework */,
			);
			sourceTree = "<group>";
		};
		BA9C82FE1A75D4D10095D8CB /* Products */ = {
			isa = PBXGroup;
			children = (
				BA9C82FD1A75D4D10095D8CB /* ZVSwiper.framework */,
				BA9C83081A75D4D10095D8CB /* ZVSwiperTests.xctest */,
				BA9C832D1A75D73E0095D8CB /* SwiperDemo.app */,
				BA9C83481A75D73E0095D8CB /* SwiperDemoTests.xctest */,
			);
			name = Products;
			sourceTree = "<group>";
		};
		BA9C82FF1A75D4D10095D8CB /* ZVSwiper */ = {
			isa = PBXGroup;
			children = (
				BA9C831A1A75D50A0095D8CB /* ZVSwiperTransition.h */,
				BA9C831B1A75D50A0095D8CB /* ZVSwiperTransition.m */,
				BA9C831C1A75D50A0095D8CB /* ZVSwiperNavigationControllerDelegate.h */,
				BA9C83191A75D50A0095D8CB /* ZVSwiperNavigationControllerDelegate.m */,
				BA9C83021A75D4D10095D8CB /* ZVSwiper.h */,
				BA9C83001A75D4D10095D8CB /* Supporting Files */,
			);
			path = ZVSwiper;
			sourceTree = "<group>";
		};
		BA9C83001A75D4D10095D8CB /* Supporting Files */ = {
			isa = PBXGroup;
			children = (
				BA9C83011A75D4D10095D8CB /* Info.plist */,
			);
			name = "Supporting Files";
			sourceTree = "<group>";
		};
		BA9C830C1A75D4D10095D8CB /* ZVSwiperTests */ = {
			isa = PBXGroup;
			children = (
				BA9C830F1A75D4D10095D8CB /* ZVSwiperTests.m */,
				BA9C830D1A75D4D10095D8CB /* Supporting Files */,
			);
			path = ZVSwiperTests;
			sourceTree = "<group>";
		};
		BA9C830D1A75D4D10095D8CB /* Supporting Files */ = {
			isa = PBXGroup;
			children = (
				BA9C830E1A75D4D10095D8CB /* Info.plist */,
			);
			name = "Supporting Files";
			sourceTree = "<group>";
		};
		BA9C832E1A75D73E0095D8CB /* SwiperDemo */ = {
			isa = PBXGroup;
			children = (
				BA9C83331A75D73E0095D8CB /* AppDelegate.h */,
				BA9C83341A75D73E0095D8CB /* AppDelegate.m */,
				BA9C83361A75D73E0095D8CB /* MasterViewController.h */,
				BA9C83371A75D73E0095D8CB /* MasterViewController.m */,
				BA9C83391A75D73E0095D8CB /* DetailViewController.h */,
				BA9C833A1A75D73E0095D8CB /* DetailViewController.m */,
				BA9C833C1A75D73E0095D8CB /* Main.storyboard */,
				BA9C833F1A75D73E0095D8CB /* Images.xcassets */,
				BA9C83411A75D73E0095D8CB /* LaunchScreen.xib */,
				BA9C832F1A75D73E0095D8CB /* Supporting Files */,
			);
			path = SwiperDemo;
			sourceTree = "<group>";
		};
		BA9C832F1A75D73E0095D8CB /* Supporting Files */ = {
			isa = PBXGroup;
			children = (
				BA9C83301A75D73E0095D8CB /* Info.plist */,
				BA9C83311A75D73E0095D8CB /* main.m */,
			);
			name = "Supporting Files";
			sourceTree = "<group>";
		};
		BA9C834B1A75D73E0095D8CB /* SwiperDemoTests */ = {
			isa = PBXGroup;
			children = (
				BA9C834E1A75D73E0095D8CB /* SwiperDemoTests.m */,
				BA9C834C1A75D73E0095D8CB /* Supporting Files */,
			);
			path = SwiperDemoTests;
			sourceTree = "<group>";
		};
		BA9C834C1A75D73E0095D8CB /* Supporting Files */ = {
			isa = PBXGroup;
			children = (
				BA9C834D1A75D73E0095D8CB /* Info.plist */,
			);
			name = "Supporting Files";
			sourceTree = "<group>";
		};
/* End PBXGroup section */

/* Begin PBXHeadersBuildPhase section */
		BA9C82FA1A75D4D10095D8CB /* Headers */ = {
			isa = PBXHeadersBuildPhase;
			buildActionMask = 2147483647;
			files = (
				BA9C83031A75D4D10095D8CB /* ZVSwiper.h in Headers */,
				BA9C831E1A75D50A0095D8CB /* ZVSwiperTransition.h in Headers */,
				BA9C83201A75D50A0095D8CB /* ZVSwiperNavigationControllerDelegate.h in Headers */,
			);
			runOnlyForDeploymentPostprocessing = 0;
		};
/* End PBXHeadersBuildPhase section */

/* Begin PBXNativeTarget section */
		BA9C82FC1A75D4D10095D8CB /* ZVSwiper */ = {
			isa = PBXNativeTarget;
			buildConfigurationList = BA9C83131A75D4D10095D8CB /* Build configuration list for PBXNativeTarget "ZVSwiper" */;
			buildPhases = (
				BA9C82F81A75D4D10095D8CB /* Sources */,
				BA9C82F91A75D4D10095D8CB /* Frameworks */,
				BA9C82FA1A75D4D10095D8CB /* Headers */,
				BA9C82FB1A75D4D10095D8CB /* Resources */,
			);
			buildRules = (
			);
			dependencies = (
			);
			name = ZVSwiper;
			productName = ZVSwiper;
			productReference = BA9C82FD1A75D4D10095D8CB /* ZVSwiper.framework */;
			productType = "com.apple.product-type.framework";
		};
		BA9C83071A75D4D10095D8CB /* ZVSwiperTests */ = {
			isa = PBXNativeTarget;
			buildConfigurationList = BA9C83161A75D4D10095D8CB /* Build configuration list for PBXNativeTarget "ZVSwiperTests" */;
			buildPhases = (
				BA9C83041A75D4D10095D8CB /* Sources */,
				BA9C83051A75D4D10095D8CB /* Frameworks */,
				BA9C83061A75D4D10095D8CB /* Resources */,
			);
			buildRules = (
			);
			dependencies = (
				BA9C830B1A75D4D10095D8CB /* PBXTargetDependency */,
			);
			name = ZVSwiperTests;
			productName = ZVSwiperTests;
			productReference = BA9C83081A75D4D10095D8CB /* ZVSwiperTests.xctest */;
			productType = "com.apple.product-type.bundle.unit-test";
		};
		BA9C832C1A75D73E0095D8CB /* SwiperDemo */ = {
			isa = PBXNativeTarget;
			buildConfigurationList = BA9C83501A75D73E0095D8CB /* Build configuration list for PBXNativeTarget "SwiperDemo" */;
			buildPhases = (
				BA9C83291A75D73E0095D8CB /* Sources */,
				BA9C832A1A75D73E0095D8CB /* Frameworks */,
				BA9C832B1A75D73E0095D8CB /* Resources */,
				BA9C835D1A75DBFC0095D8CB /* Embed Frameworks */,
			);
			buildRules = (
			);
			dependencies = (
				BA9C835C1A75DBFC0095D8CB /* PBXTargetDependency */,
			);
			name = SwiperDemo;
			productName = SwiperDemo;
			productReference = BA9C832D1A75D73E0095D8CB /* SwiperDemo.app */;
			productType = "com.apple.product-type.application";
		};
		BA9C83471A75D73E0095D8CB /* SwiperDemoTests */ = {
			isa = PBXNativeTarget;
			buildConfigurationList = BA9C83531A75D73E0095D8CB /* Build configuration list for PBXNativeTarget "SwiperDemoTests" */;
			buildPhases = (
				BA9C83441A75D73E0095D8CB /* Sources */,
				BA9C83451A75D73E0095D8CB /* Frameworks */,
				BA9C83461A75D73E0095D8CB /* Resources */,
			);
			buildRules = (
			);
			dependencies = (
				BA9C834A1A75D73E0095D8CB /* PBXTargetDependency */,
			);
			name = SwiperDemoTests;
			productName = SwiperDemoTests;
			productReference = BA9C83481A75D73E0095D8CB /* SwiperDemoTests.xctest */;
			productType = "com.apple.product-type.bundle.unit-test";
		};
/* End PBXNativeTarget section */

/* Begin PBXProject section */
		BA9C82F41A75D4D10095D8CB /* Project object */ = {
			isa = PBXProject;
			attributes = {
				LastUpgradeCheck = 0620;
				ORGANIZATIONNAME = "M. David Minnigerode";
				TargetAttributes = {
					BA9C82FC1A75D4D10095D8CB = {
						CreatedOnToolsVersion = 6.2;
					};
					BA9C83071A75D4D10095D8CB = {
						CreatedOnToolsVersion = 6.2;
					};
					BA9C832C1A75D73E0095D8CB = {
						CreatedOnToolsVersion = 6.2;
					};
					BA9C83471A75D73E0095D8CB = {
						CreatedOnToolsVersion = 6.2;
						TestTargetID = BA9C832C1A75D73E0095D8CB;
					};
				};
			};
			buildConfigurationList = BA9C82F71A75D4D10095D8CB /* Build configuration list for PBXProject "ZVSwiper" */;
			compatibilityVersion = "Xcode 3.2";
			developmentRegion = English;
			hasScannedForEncodings = 0;
			knownRegions = (
				en,
				Base,
			);
			mainGroup = BA9C82F31A75D4D10095D8CB;
			productRefGroup = BA9C82FE1A75D4D10095D8CB /* Products */;
			projectDirPath = "";
			projectRoot = "";
			targets = (
				BA9C82FC1A75D4D10095D8CB /* ZVSwiper */,
				BA9C83071A75D4D10095D8CB /* ZVSwiperTests */,
				BA9C832C1A75D73E0095D8CB /* SwiperDemo */,
				BA9C83471A75D73E0095D8CB /* SwiperDemoTests */,
			);
		};
/* End PBXProject section */

/* Begin PBXResourcesBuildPhase section */
		BA9C82FB1A75D4D10095D8CB /* Resources */ = {
			isa = PBXResourcesBuildPhase;
			buildActionMask = 2147483647;
			files = (
			);
			runOnlyForDeploymentPostprocessing = 0;
		};
		BA9C83061A75D4D10095D8CB /* Resources */ = {
			isa = PBXResourcesBuildPhase;
			buildActionMask = 2147483647;
			files = (
			);
			runOnlyForDeploymentPostprocessing = 0;
		};
		BA9C832B1A75D73E0095D8CB /* Resources */ = {
			isa = PBXResourcesBuildPhase;
			buildActionMask = 2147483647;
			files = (
				BA9C833E1A75D73E0095D8CB /* Main.storyboard in Resources */,
				BA9C83431A75D73E0095D8CB /* LaunchScreen.xib in Resources */,
				BA9C83401A75D73E0095D8CB /* Images.xcassets in Resources */,
			);
			runOnlyForDeploymentPostprocessing = 0;
		};
		BA9C83461A75D73E0095D8CB /* Resources */ = {
			isa = PBXResourcesBuildPhase;
			buildActionMask = 2147483647;
			files = (
			);
			runOnlyForDeploymentPostprocessing = 0;
		};
/* End PBXResourcesBuildPhase section */

/* Begin PBXSourcesBuildPhase section */
		BA9C82F81A75D4D10095D8CB /* Sources */ = {
			isa = PBXSourcesBuildPhase;
			buildActionMask = 2147483647;
			files = (
				BA9C831F1A75D50A0095D8CB /* ZVSwiperTransition.m in Sources */,
				BA9C831D1A75D50A0095D8CB /* ZVSwiperNavigationControllerDelegate.m in Sources */,
			);
			runOnlyForDeploymentPostprocessing = 0;
		};
		BA9C83041A75D4D10095D8CB /* Sources */ = {
			isa = PBXSourcesBuildPhase;
			buildActionMask = 2147483647;
			files = (
				BA9C83101A75D4D10095D8CB /* ZVSwiperTests.m in Sources */,
			);
			runOnlyForDeploymentPostprocessing = 0;
		};
		BA9C83291A75D73E0095D8CB /* Sources */ = {
			isa = PBXSourcesBuildPhase;
			buildActionMask = 2147483647;
			files = (
				BA9C83351A75D73E0095D8CB /* AppDelegate.m in Sources */,
				BA9C83381A75D73E0095D8CB /* MasterViewController.m in Sources */,
				BA9C83321A75D73E0095D8CB /* main.m in Sources */,
				BA9C833B1A75D73E0095D8CB /* DetailViewController.m in Sources */,
			);
			runOnlyForDeploymentPostprocessing = 0;
		};
		BA9C83441A75D73E0095D8CB /* Sources */ = {
			isa = PBXSourcesBuildPhase;
			buildActionMask = 2147483647;
			files = (
				BA9C834F1A75D73E0095D8CB /* SwiperDemoTests.m in Sources */,
			);
			runOnlyForDeploymentPostprocessing = 0;
		};
/* End PBXSourcesBuildPhase section */

/* Begin PBXTargetDependency section */
		BA9C830B1A75D4D10095D8CB /* PBXTargetDependency */ = {
			isa = PBXTargetDependency;
			target = BA9C82FC1A75D4D10095D8CB /* ZVSwiper */;
			targetProxy = BA9C830A1A75D4D10095D8CB /* PBXContainerItemProxy */;
		};
		BA9C834A1A75D73E0095D8CB /* PBXTargetDependency */ = {
			isa = PBXTargetDependency;
			target = BA9C832C1A75D73E0095D8CB /* SwiperDemo */;
			targetProxy = BA9C83491A75D73E0095D8CB /* PBXContainerItemProxy */;
		};
		BA9C835C1A75DBFC0095D8CB /* PBXTargetDependency */ = {
			isa = PBXTargetDependency;
			target = BA9C82FC1A75D4D10095D8CB /* ZVSwiper */;
			targetProxy = BA9C835B1A75DBFC0095D8CB /* PBXContainerItemProxy */;
		};
/* End PBXTargetDependency section */

/* Begin PBXVariantGroup section */
		BA9C833C1A75D73E0095D8CB /* Main.storyboard */ = {
			isa = PBXVariantGroup;
			children = (
				BA9C833D1A75D73E0095D8CB /* Base */,
			);
			name = Main.storyboard;
			sourceTree = "<group>";
		};
		BA9C83411A75D73E0095D8CB /* LaunchScreen.xib */ = {
			isa = PBXVariantGroup;
			children = (
				BA9C83421A75D73E0095D8CB /* Base */,
			);
			name = LaunchScreen.xib;
			sourceTree = "<group>";
		};
/* End PBXVariantGroup section */

/* Begin XCBuildConfiguration section */
		BA9C83111A75D4D10095D8CB /* Debug */ = {
			isa = XCBuildConfiguration;
			buildSettings = {
				ALWAYS_SEARCH_USER_PATHS = NO;
				CLANG_CXX_LANGUAGE_STANDARD = "gnu++0x";
				CLANG_CXX_LIBRARY = "libc++";
				CLANG_ENABLE_MODULES = YES;
				CLANG_ENABLE_OBJC_ARC = YES;
				CLANG_WARN_BOOL_CONVERSION = YES;
				CLANG_WARN_CONSTANT_CONVERSION = YES;
				CLANG_WARN_DIRECT_OBJC_ISA_USAGE = YES_ERROR;
				CLANG_WARN_EMPTY_BODY = YES;
				CLANG_WARN_ENUM_CONVERSION = YES;
				CLANG_WARN_INT_CONVERSION = YES;
				CLANG_WARN_OBJC_ROOT_CLASS = YES_ERROR;
				CLANG_WARN_UNREACHABLE_CODE = YES;
				CLANG_WARN__DUPLICATE_METHOD_MATCH = YES;
				"CODE_SIGN_IDENTITY[sdk=iphoneos*]" = "iPhone Developer";
				COPY_PHASE_STRIP = NO;
				CURRENT_PROJECT_VERSION = 1;
				ENABLE_STRICT_OBJC_MSGSEND = YES;
				GCC_C_LANGUAGE_STANDARD = gnu99;
				GCC_DYNAMIC_NO_PIC = NO;
				GCC_OPTIMIZATION_LEVEL = 0;
				GCC_PREPROCESSOR_DEFINITIONS = (
					"DEBUG=1",
					"$(inherited)",
				);
				GCC_SYMBOLS_PRIVATE_EXTERN = NO;
				GCC_WARN_64_TO_32_BIT_CONVERSION = YES;
				GCC_WARN_ABOUT_RETURN_TYPE = YES_ERROR;
				GCC_WARN_UNDECLARED_SELECTOR = YES;
				GCC_WARN_UNINITIALIZED_AUTOS = YES_AGGRESSIVE;
				GCC_WARN_UNUSED_FUNCTION = YES;
				GCC_WARN_UNUSED_VARIABLE = YES;
				IPHONEOS_DEPLOYMENT_TARGET = 7.0;
				MTL_ENABLE_DEBUG_INFO = YES;
				ONLY_ACTIVE_ARCH = YES;
				SDKROOT = iphoneos;
				TARGETED_DEVICE_FAMILY = "1,2";
				VERSIONING_SYSTEM = "apple-generic";
				VERSION_INFO_PREFIX = "";
			};
			name = Debug;
		};
		BA9C83121A75D4D10095D8CB /* Release */ = {
			isa = XCBuildConfiguration;
			buildSettings = {
				ALWAYS_SEARCH_USER_PATHS = NO;
				CLANG_CXX_LANGUAGE_STANDARD = "gnu++0x";
				CLANG_CXX_LIBRARY = "libc++";
				CLANG_ENABLE_MODULES = YES;
				CLANG_ENABLE_OBJC_ARC = YES;
				CLANG_WARN_BOOL_CONVERSION = YES;
				CLANG_WARN_CONSTANT_CONVERSION = YES;
				CLANG_WARN_DIRECT_OBJC_ISA_USAGE = YES_ERROR;
				CLANG_WARN_EMPTY_BODY = YES;
				CLANG_WARN_ENUM_CONVERSION = YES;
				CLANG_WARN_INT_CONVERSION = YES;
				CLANG_WARN_OBJC_ROOT_CLASS = YES_ERROR;
				CLANG_WARN_UNREACHABLE_CODE = YES;
				CLANG_WARN__DUPLICATE_METHOD_MATCH = YES;
				"CODE_SIGN_IDENTITY[sdk=iphoneos*]" = "iPhone Developer";
				COPY_PHASE_STRIP = NO;
				CURRENT_PROJECT_VERSION = 1;
				ENABLE_NS_ASSERTIONS = NO;
				ENABLE_STRICT_OBJC_MSGSEND = YES;
				GCC_C_LANGUAGE_STANDARD = gnu99;
				GCC_WARN_64_TO_32_BIT_CONVERSION = YES;
				GCC_WARN_ABOUT_RETURN_TYPE = YES_ERROR;
				GCC_WARN_UNDECLARED_SELECTOR = YES;
				GCC_WARN_UNINITIALIZED_AUTOS = YES_AGGRESSIVE;
				GCC_WARN_UNUSED_FUNCTION = YES;
				GCC_WARN_UNUSED_VARIABLE = YES;
				IPHONEOS_DEPLOYMENT_TARGET = 7.0;
				MTL_ENABLE_DEBUG_INFO = NO;
				SDKROOT = iphoneos;
				TARGETED_DEVICE_FAMILY = "1,2";
				VALIDATE_PRODUCT = YES;
				VERSIONING_SYSTEM = "apple-generic";
				VERSION_INFO_PREFIX = "";
			};
			name = Release;
		};
		BA9C83141A75D4D10095D8CB /* Debug */ = {
			isa = XCBuildConfiguration;
			buildSettings = {
				DEFINES_MODULE = YES;
				DYLIB_COMPATIBILITY_VERSION = 1;
				DYLIB_CURRENT_VERSION = 1;
				DYLIB_INSTALL_NAME_BASE = "@rpath";
				INFOPLIST_FILE = ZVSwiper/Info.plist;
				INSTALL_PATH = "$(LOCAL_LIBRARY_DIR)/Frameworks";
				LD_RUNPATH_SEARCH_PATHS = "$(inherited) @executable_path/Frameworks @loader_path/Frameworks";
				PRODUCT_NAME = "$(TARGET_NAME)";
				SKIP_INSTALL = YES;
			};
			name = Debug;
		};
		BA9C83151A75D4D10095D8CB /* Release */ = {
			isa = XCBuildConfiguration;
			buildSettings = {
				DEFINES_MODULE = YES;
				DYLIB_COMPATIBILITY_VERSION = 1;
				DYLIB_CURRENT_VERSION = 1;
				DYLIB_INSTALL_NAME_BASE = "@rpath";
				INFOPLIST_FILE = ZVSwiper/Info.plist;
				INSTALL_PATH = "$(LOCAL_LIBRARY_DIR)/Frameworks";
				LD_RUNPATH_SEARCH_PATHS = "$(inherited) @executable_path/Frameworks @loader_path/Frameworks";
				PRODUCT_NAME = "$(TARGET_NAME)";
				SKIP_INSTALL = YES;
			};
			name = Release;
		};
		BA9C83171A75D4D10095D8CB /* Debug */ = {
			isa = XCBuildConfiguration;
			buildSettings = {
				FRAMEWORK_SEARCH_PATHS = (
					"$(SDKROOT)/Developer/Library/Frameworks",
					"$(inherited)",
				);
				GCC_PREPROCESSOR_DEFINITIONS = (
					"DEBUG=1",
					"$(inherited)",
				);
				INFOPLIST_FILE = ZVSwiperTests/Info.plist;
				LD_RUNPATH_SEARCH_PATHS = "$(inherited) @executable_path/Frameworks @loader_path/Frameworks";
				PRODUCT_NAME = "$(TARGET_NAME)";
			};
			name = Debug;
		};
		BA9C83181A75D4D10095D8CB /* Release */ = {
			isa = XCBuildConfiguration;
			buildSettings = {
				FRAMEWORK_SEARCH_PATHS = (
					"$(SDKROOT)/Developer/Library/Frameworks",
					"$(inherited)",
				);
				INFOPLIST_FILE = ZVSwiperTests/Info.plist;
				LD_RUNPATH_SEARCH_PATHS = "$(inherited) @executable_path/Frameworks @loader_path/Frameworks";
				PRODUCT_NAME = "$(TARGET_NAME)";
			};
			name = Release;
		};
		BA9C83511A75D73E0095D8CB /* Debug */ = {
			isa = XCBuildConfiguration;
			buildSettings = {
				ASSETCATALOG_COMPILER_APPICON_NAME = AppIcon;
				GCC_PREPROCESSOR_DEFINITIONS = (
					"DEBUG=1",
					"$(inherited)",
				);
				INFOPLIST_FILE = SwiperDemo/Info.plist;
				IPHONEOS_DEPLOYMENT_TARGET = 8.1;
				LD_RUNPATH_SEARCH_PATHS = "$(inherited) @executable_path/Frameworks";
				PRODUCT_NAME = "$(TARGET_NAME)";
			};
			name = Debug;
		};
		BA9C83521A75D73E0095D8CB /* Release */ = {
			isa = XCBuildConfiguration;
			buildSettings = {
				ASSETCATALOG_COMPILER_APPICON_NAME = AppIcon;
				INFOPLIST_FILE = SwiperDemo/Info.plist;
				IPHONEOS_DEPLOYMENT_TARGET = 8.1;
				LD_RUNPATH_SEARCH_PATHS = "$(inherited) @executable_path/Frameworks";
				PRODUCT_NAME = "$(TARGET_NAME)";
			};
			name = Release;
		};
		BA9C83541A75D73E0095D8CB /* Debug */ = {
			isa = XCBuildConfiguration;
			buildSettings = {
				BUNDLE_LOADER = "$(TEST_HOST)";
				FRAMEWORK_SEARCH_PATHS = (
					"$(SDKROOT)/Developer/Library/Frameworks",
					"$(inherited)",
				);
				GCC_PREPROCESSOR_DEFINITIONS = (
					"DEBUG=1",
					"$(inherited)",
				);
				INFOPLIST_FILE = SwiperDemoTests/Info.plist;
				IPHONEOS_DEPLOYMENT_TARGET = 8.2;
				LD_RUNPATH_SEARCH_PATHS = "$(inherited) @executable_path/Frameworks @loader_path/Frameworks";
				PRODUCT_NAME = "$(TARGET_NAME)";
				TEST_HOST = "$(BUILT_PRODUCTS_DIR)/SwiperDemo.app/SwiperDemo";
			};
			name = Debug;
		};
		BA9C83551A75D73E0095D8CB /* Release */ = {
			isa = XCBuildConfiguration;
			buildSettings = {
				BUNDLE_LOADER = "$(TEST_HOST)";
				FRAMEWORK_SEARCH_PATHS = (
					"$(SDKROOT)/Developer/Library/Frameworks",
					"$(inherited)",
				);
				INFOPLIST_FILE = SwiperDemoTests/Info.plist;
				IPHONEOS_DEPLOYMENT_TARGET = 8.2;
				LD_RUNPATH_SEARCH_PATHS = "$(inherited) @executable_path/Frameworks @loader_path/Frameworks";
				PRODUCT_NAME = "$(TARGET_NAME)";
				TEST_HOST = "$(BUILT_PRODUCTS_DIR)/SwiperDemo.app/SwiperDemo";
			};
			name = Release;
		};
/* End XCBuildConfiguration section */

/* Begin XCConfigurationList section */
		BA9C82F71A75D4D10095D8CB /* Build configuration list for PBXProject "ZVSwiper" */ = {
			isa = XCConfigurationList;
			buildConfigurations = (
				BA9C83111A75D4D10095D8CB /* Debug */,
				BA9C83121A75D4D10095D8CB /* Release */,
			);
			defaultConfigurationIsVisible = 0;
			defaultConfigurationName = Release;
		};
		BA9C83131A75D4D10095D8CB /* Build configuration list for PBXNativeTarget "ZVSwiper" */ = {
			isa = XCConfigurationList;
			buildConfigurations = (
				BA9C83141A75D4D10095D8CB /* Debug */,
				BA9C83151A75D4D10095D8CB /* Release */,
			);
			defaultConfigurationIsVisible = 0;
		};
		BA9C83161A75D4D10095D8CB /* Build configuration list for PBXNativeTarget "ZVSwiperTests" */ = {
			isa = XCConfigurationList;
			buildConfigurations = (
				BA9C83171A75D4D10095D8CB /* Debug */,
				BA9C83181A75D4D10095D8CB /* Release */,
			);
			defaultConfigurationIsVisible = 0;
		};
		BA9C83501A75D73E0095D8CB /* Build configuration list for PBXNativeTarget "SwiperDemo" */ = {
			isa = XCConfigurationList;
			buildConfigurations = (
				BA9C83511A75D73E0095D8CB /* Debug */,
				BA9C83521A75D73E0095D8CB /* Release */,
			);
			defaultConfigurationIsVisible = 0;
		};
		BA9C83531A75D73E0095D8CB /* Build configuration list for PBXNativeTarget "SwiperDemoTests" */ = {
			isa = XCConfigurationList;
			buildConfigurations = (
				BA9C83541A75D73E0095D8CB /* Debug */,
				BA9C83551A75D73E0095D8CB /* Release */,
			);
			defaultConfigurationIsVisible = 0;
		};
/* End XCConfigurationList section */
	};
	rootObject = BA9C82F41A75D4D10095D8CB /* Project object */;
}
